
Microsoft Visual Studio Solution File, Format Version 12.00
# Visual Studio 15
VisualStudioVersion = 15.0.27130.2003
MinimumVisualStudioVersion = 10.0.40219.1
Project("{9A19103F-16F7-4668-BE54-9A1E7A4F7556}") = "Northwind.Model", "Northwind.Model\Northwind.Model.csproj", "{24010060-C437-4F10-A293-699791B7645F}"
EndProject
Project("{9A19103F-16F7-4668-BE54-9A1E7A4F7556}") = "Northwind.Repository", "Northwind.Repository\Northwind.Repository.csproj", "{4C4CB20E-5E04-458B-BB22-E3D312C12C00}"
EndProject
Project("{FAE04EC0-301F-11D3-BF4B-00C04F79EFBC}") = "Northwind.Repository.UnitTest", "Northwind.Repository.UnitTest\Northwind.Repository.UnitTest.csproj", "{73694E15-1E51-4EF6-B497-1B65D5665BEE}"
EndProject
Project("{FAE04EC0-301F-11D3-BF4B-00C04F79EFBC}") = "Northwind.WebAPI", "Northwind.WebAPI\Northwind.WebAPI.csproj", "{8B51F6E1-ACCD-4DC6-A045-101CB9B5247C}"
EndProject
Global
	GlobalSection(SolutionConfigurationPlatforms) = preSolution
		Debug|Any CPU = Debug|Any CPU
		Release|Any CPU = Release|Any CPU
	EndGlobalSection
	GlobalSection(ProjectConfigurationPlatforms) = postSolution
		{24010060-C437-4F10-A293-699791B7645F}.Debug|Any CPU.ActiveCfg = Debug|Any CPU
		{24010060-C437-4F10-A293-699791B7645F}.Debug|Any CPU.Build.0 = Debug|Any CPU
		{24010060-C437-4F10-A293-699791B7645F}.Release|Any CPU.ActiveCfg = Release|Any CPU
		{24010060-C437-4F10-A293-699791B7645F}.Release|Any CPU.Build.0 = Release|Any CPU
		{4C4CB20E-5E04-458B-BB22-E3D312C12C00}.Debug|Any CPU.ActiveCfg = Debug|Any CPU
		{4C4CB20E-5E04-458B-BB22-E3D312C12C00}.Debug|Any CPU.Build.0 = Debug|Any CPU
		{4C4CB20E-5E04-458B-BB22-E3D312C12C00}.Release|Any CPU.ActiveCfg = Release|Any CPU
		{4C4CB20E-5E04-458B-BB22-E3D312C12C00}.Release|Any CPU.Build.0 = Release|Any CPU
		{73694E15-1E51-4EF6-B497-1B65D5665BEE}.Debug|Any CPU.ActiveCfg = Debug|Any CPU
		{73694E15-1E51-4EF6-B497-1B65D5665BEE}.Debug|Any CPU.Build.0 = Debug|Any CPU
		{73694E15-1E51-4EF6-B497-1B65D5665BEE}.Release|Any CPU.ActiveCfg = Release|Any CPU
		{73694E15-1E51-4EF6-B497-1B65D5665BEE}.Release|Any CPU.Build.0 = Release|Any CPU
		{8B51F6E1-ACCD-4DC6-A045-101CB9B5247C}.Debug|Any CPU.ActiveCfg = Debug|Any CPU
		{8B51F6E1-ACCD-4DC6-A045-101CB9B5247C}.Debug|Any CPU.Build.0 = Debug|Any CPU
		{8B51F6E1-ACCD-4DC6-A045-101CB9B5247C}.Release|Any CPU.ActiveCfg = Release|Any CPU
		{8B51F6E1-ACCD-4DC6-A045-101CB9B5247C}.Release|Any CPU.Build.0 = Release|Any CPU
	EndGlobalSection
	GlobalSection(SolutionProperties) = preSolution
		HideSolutionNode = FALSE
	EndGlobalSection
	GlobalSection(ExtensibilityGlobals) = postSolution
		SolutionGuid = {F0B0DBA0-86D3-42DC-A2CB-7AA5DA0F343A}
	EndGlobalSection
EndGlobal
